
Microsoft Visual Studio Solution File, Format Version 12.00
# Visual Studio Version 16
VisualStudioVersion = 16.0.30114.105
MinimumVisualStudioVersion = 10.0.40219.1
Project("{888888A0-9F3D-457C-B088-3A5042F75D52}") = "RC4_Algorithm", "RC4_Algorithm\RC4_Algorithm.pyproj", "{00AB5BCB-D84A-44CC-A986-2BD20959095B}"
EndProject
Global
	GlobalSection(SolutionConfigurationPlatforms) = preSolution
		Debug|Any CPU = Debug|Any CPU
		Release|Any CPU = Release|Any CPU
	EndGlobalSection
	GlobalSection(ProjectConfigurationPlatforms) = postSolution
		{00AB5BCB-D84A-44CC-A986-2BD20959095B}.Debug|Any CPU.ActiveCfg = Debug|Any CPU
		{00AB5BCB-D84A-44CC-A986-2BD20959095B}.Release|Any CPU.ActiveCfg = Release|Any CPU
	EndGlobalSection
	GlobalSection(SolutionProperties) = preSolution
		HideSolutionNode = FALSE
	EndGlobalSection
	GlobalSection(ExtensibilityGlobals) = postSolution
		SolutionGuid = {67CD2761-6A1E-4B39-9E0F-B91B93E4FF5D}
	EndGlobalSection
EndGlobal
